{
  "name": "goit-js-hw-11-timer",
  "version": "1.0.0",
  "lockfileVersion": 1,
  "requires": true,
  "dependencies": {
    "bootstrap.native": {
      "version": "3.0.13",
      "resolved": "https://registry.npmjs.org/bootstrap.native/-/bootstrap.native-3.0.13.tgz",
      "integrity": "sha512-8df8/6+zXDxolYCIn7QNsQ+3NozgNmMfBgSyOolhs0GDUWyG6MfM3oGv7GsOfFbQRjBL7VFqQ1KJuBb/uW/HXA==",
      "dev": true,
      "requires": {
        "minifill": "^0.0.8",
        "shorter-js": "^0.1.7"
      }
    },
    "minifill": {
      "version": "0.0.8",
      "resolved": "https://registry.npmjs.org/minifill/-/minifill-0.0.8.tgz",
      "integrity": "sha512-DOw02Fev6xB40wyie/YJtnIhY0eI+iQ7aBQlSVkOy5OKlFAxob6uG301uvJyMT7F1OeMGfbDexOTabL3uLid1g==",
      "dev": true
    },
    "shorter-js": {
      "version": "0.1.7",
      "resolved": "https://registry.npmjs.org/shorter-js/-/shorter-js-0.1.7.tgz",
      "integrity": "sha512-H7dO5P4a0LndmaRgTsRTHn3Rf2Oy7ocVf6M1ZvYJIIAtOcEnE7lmhQ7bnDzoU22JbN6KR+VgLzhuuSAhMpoxrQ==",
      "dev": true
    }
  }
}
